
Microsoft Visual Studio Solution File, Format Version 12.00
# Visual Studio Version 17
VisualStudioVersion = 17.5.002.0
MinimumVisualStudioVersion = 10.0.40219.1
Project("{9A19103F-16F7-4668-BE54-9A1E7A4F7556}") = "CustomerAPI", "CustomerAPI.csproj", "{FB9BC5FA-D8AE-495B-A9ED-1A06D173CEEE}"
EndProject
Global
	GlobalSection(SolutionConfigurationPlatforms) = preSolution
		Debug|Any CPU = Debug|Any CPU
		Release|Any CPU = Release|Any CPU
	EndGlobalSection
	GlobalSection(ProjectConfigurationPlatforms) = postSolution
		{FB9BC5FA-D8AE-495B-A9ED-1A06D173CEEE}.Debug|Any CPU.ActiveCfg = Debug|Any CPU
		{FB9BC5FA-D8AE-495B-A9ED-1A06D173CEEE}.Debug|Any CPU.Build.0 = Debug|Any CPU
		{FB9BC5FA-D8AE-495B-A9ED-1A06D173CEEE}.Release|Any CPU.ActiveCfg = Release|Any CPU
		{FB9BC5FA-D8AE-495B-A9ED-1A06D173CEEE}.Release|Any CPU.Build.0 = Release|Any CPU
	EndGlobalSection
	GlobalSection(SolutionProperties) = preSolution
		HideSolutionNode = FALSE
	EndGlobalSection
	GlobalSection(ExtensibilityGlobals) = postSolution
		SolutionGuid = {B28271A2-F872-4398-9654-D4CE423A9CB5}
	EndGlobalSection
EndGlobal
